
Microsoft Visual Studio Solution File, Format Version 12.00
# Visual Studio Version 16
VisualStudioVersion = 16.0.30225.117
MinimumVisualStudioVersion = 10.0.40219.1
Project("{2150E333-8FDC-42A3-9474-1A3956D46DE8}") = "library", "library", "{4E154F0D-7515-4B35-950A-B749E68F8440}"
EndProject
Project("{8BC9CEB8-8B4A-11D0-8D11-00A0C91BC942}") = "idpExpressLib", "library\idpExpressLib\idpExpressLib.vcxproj", "{74A42A7C-CAFC-4739-8431-769E13EF1B1F}"
EndProject
Project("{8BC9CEB8-8B4A-11D0-8D11-00A0C91BC942}") = "BaslerLib", "library\BaslerLib\BaslerLib.vcxproj", "{09A54ECC-2A15-4D53-A67C-4023B53AA395}"
EndProject
Project("{8BC9CEB8-8B4A-11D0-8D11-00A0C91BC942}") = "XimeaLib", "library\XimeaLib\XimeaLib.vcxproj", "{A2F5B77D-819C-420F-AA9E-778FB757B133}"
EndProject
Project("{8BC9CEB8-8B4A-11D0-8D11-00A0C91BC942}") = "EosensLib", "library\EosensLib\EosensLib.vcxproj", "{53FAF87E-8D7F-4328-B8F6-BF89BAD380CC}"
EndProject
Project("{2150E333-8FDC-42A3-9474-1A3956D46DE8}") = "sample", "sample", "{F2F07877-339B-43EB-8939-1D7D4DF5A3A0}"
EndProject
Project("{8BC9CEB8-8B4A-11D0-8D11-00A0C91BC942}") = "HighSpeedCamera", "HighSpeedCamera\HighSpeedCamera.vcxproj", "{B675EE59-6D59-446D-AE38-84B73E82AE8C}"
EndProject
Project("{8BC9CEB8-8B4A-11D0-8D11-00A0C91BC942}") = "OutputImages", "sample\OutputImages\OutputImages.vcxproj", "{AF1A1693-F633-4A78-A0CC-555D4C78D81E}"
EndProject
Project("{8BC9CEB8-8B4A-11D0-8D11-00A0C91BC942}") = "DDmotorMove", "sample\DDMotorMove\DDMotorMove.vcxproj", "{A15CDBA3-6A37-44E5-98A7-A5D711F701A5}"
EndProject
Project("{8BC9CEB8-8B4A-11D0-8D11-00A0C91BC942}") = "GetCalibImgs", "sample\GetCalibImgs\GetCalibImgs.vcxproj", "{E3D7547B-EC6B-4B96-A8BD-58178166F066}"
EndProject
Project("{8BC9CEB8-8B4A-11D0-8D11-00A0C91BC942}") = "GetBrightPoints", "GetBrightPoints\GetBrightPoints.vcxproj", "{149DBEA5-2C17-4AB8-86C6-B8FB1ED37C0D}"
EndProject
Project("{8BC9CEB8-8B4A-11D0-8D11-00A0C91BC942}") = "FisheyeCalib", "sample\FisheyeCalib\FisheyeCalib.vcxproj", "{E9114EB0-3EF3-46FD-A1C4-EA0FE07835DC}"
EndProject
Global
	GlobalSection(SolutionConfigurationPlatforms) = preSolution
		Debug|x64 = Debug|x64
		Debug|x86 = Debug|x86
		Release|x64 = Release|x64
		Release|x86 = Release|x86
	EndGlobalSection
	GlobalSection(ProjectConfigurationPlatforms) = postSolution
		{74A42A7C-CAFC-4739-8431-769E13EF1B1F}.Debug|x64.ActiveCfg = Debug|x64
		{74A42A7C-CAFC-4739-8431-769E13EF1B1F}.Debug|x64.Build.0 = Debug|x64
		{74A42A7C-CAFC-4739-8431-769E13EF1B1F}.Debug|x86.ActiveCfg = Debug|Win32
		{74A42A7C-CAFC-4739-8431-769E13EF1B1F}.Debug|x86.Build.0 = Debug|Win32
		{74A42A7C-CAFC-4739-8431-769E13EF1B1F}.Release|x64.ActiveCfg = Release|x64
		{74A42A7C-CAFC-4739-8431-769E13EF1B1F}.Release|x64.Build.0 = Release|x64
		{74A42A7C-CAFC-4739-8431-769E13EF1B1F}.Release|x86.ActiveCfg = Release|Win32
		{74A42A7C-CAFC-4739-8431-769E13EF1B1F}.Release|x86.Build.0 = Release|Win32
		{09A54ECC-2A15-4D53-A67C-4023B53AA395}.Debug|x64.ActiveCfg = Debug|x64
		{09A54ECC-2A15-4D53-A67C-4023B53AA395}.Debug|x64.Build.0 = Debug|x64
		{09A54ECC-2A15-4D53-A67C-4023B53AA395}.Debug|x86.ActiveCfg = Debug|Win32
		{09A54ECC-2A15-4D53-A67C-4023B53AA395}.Debug|x86.Build.0 = Debug|Win32
		{09A54ECC-2A15-4D53-A67C-4023B53AA395}.Release|x64.ActiveCfg = Release|x64
		{09A54ECC-2A15-4D53-A67C-4023B53AA395}.Release|x64.Build.0 = Release|x64
		{09A54ECC-2A15-4D53-A67C-4023B53AA395}.Release|x86.ActiveCfg = Release|Win32
		{09A54ECC-2A15-4D53-A67C-4023B53AA395}.Release|x86.Build.0 = Release|Win32
		{A2F5B77D-819C-420F-AA9E-778FB757B133}.Debug|x64.ActiveCfg = Debug|x64
		{A2F5B77D-819C-420F-AA9E-778FB757B133}.Debug|x64.Build.0 = Debug|x64
		{A2F5B77D-819C-420F-AA9E-778FB757B133}.Debug|x86.ActiveCfg = Debug|Win32
		{A2F5B77D-819C-420F-AA9E-778FB757B133}.Debug|x86.Build.0 = Debug|Win32
		{A2F5B77D-819C-420F-AA9E-778FB757B133}.Release|x64.ActiveCfg = Release|x64
		{A2F5B77D-819C-420F-AA9E-778FB757B133}.Release|x64.Build.0 = Release|x64
		{A2F5B77D-819C-420F-AA9E-778FB757B133}.Release|x86.ActiveCfg = Release|Win32
		{A2F5B77D-819C-420F-AA9E-778FB757B133}.Release|x86.Build.0 = Release|Win32
		{53FAF87E-8D7F-4328-B8F6-BF89BAD380CC}.Debug|x64.ActiveCfg = Debug|x64
		{53FAF87E-8D7F-4328-B8F6-BF89BAD380CC}.Debug|x64.Build.0 = Debug|x64
		{53FAF87E-8D7F-4328-B8F6-BF89BAD380CC}.Debug|x86.ActiveCfg = Debug|Win32
		{53FAF87E-8D7F-4328-B8F6-BF89BAD380CC}.Debug|x86.Build.0 = Debug|Win32
		{53FAF87E-8D7F-4328-B8F6-BF89BAD380CC}.Release|x64.ActiveCfg = Release|x64
		{53FAF87E-8D7F-4328-B8F6-BF89BAD380CC}.Release|x64.Build.0 = Release|x64
		{53FAF87E-8D7F-4328-B8F6-BF89BAD380CC}.Release|x86.ActiveCfg = Release|Win32
		{53FAF87E-8D7F-4328-B8F6-BF89BAD380CC}.Release|x86.Build.0 = Release|Win32
		{B675EE59-6D59-446D-AE38-84B73E82AE8C}.Debug|x64.ActiveCfg = Debug|x64
		{B675EE59-6D59-446D-AE38-84B73E82AE8C}.Debug|x64.Build.0 = Debug|x64
		{B675EE59-6D59-446D-AE38-84B73E82AE8C}.Debug|x86.ActiveCfg = Debug|Win32
		{B675EE59-6D59-446D-AE38-84B73E82AE8C}.Debug|x86.Build.0 = Debug|Win32
		{B675EE59-6D59-446D-AE38-84B73E82AE8C}.Release|x64.ActiveCfg = Release|x64
		{B675EE59-6D59-446D-AE38-84B73E82AE8C}.Release|x64.Build.0 = Release|x64
		{B675EE59-6D59-446D-AE38-84B73E82AE8C}.Release|x86.ActiveCfg = Release|Win32
		{B675EE59-6D59-446D-AE38-84B73E82AE8C}.Release|x86.Build.0 = Release|Win32
		{AF1A1693-F633-4A78-A0CC-555D4C78D81E}.Debug|x64.ActiveCfg = Debug|x64
		{AF1A1693-F633-4A78-A0CC-555D4C78D81E}.Debug|x64.Build.0 = Debug|x64
		{AF1A1693-F633-4A78-A0CC-555D4C78D81E}.Debug|x86.ActiveCfg = Debug|Win32
		{AF1A1693-F633-4A78-A0CC-555D4C78D81E}.Debug|x86.Build.0 = Debug|Win32
		{AF1A1693-F633-4A78-A0CC-555D4C78D81E}.Release|x64.ActiveCfg = Release|x64
		{AF1A1693-F633-4A78-A0CC-555D4C78D81E}.Release|x64.Build.0 = Release|x64
		{AF1A1693-F633-4A78-A0CC-555D4C78D81E}.Release|x86.ActiveCfg = Release|Win32
		{AF1A1693-F633-4A78-A0CC-555D4C78D81E}.Release|x86.Build.0 = Release|Win32
		{A15CDBA3-6A37-44E5-98A7-A5D711F701A5}.Debug|x64.ActiveCfg = Debug|x64
		{A15CDBA3-6A37-44E5-98A7-A5D711F701A5}.Debug|x64.Build.0 = Debug|x64
		{A15CDBA3-6A37-44E5-98A7-A5D711F701A5}.Debug|x86.ActiveCfg = Debug|Win32
		{A15CDBA3-6A37-44E5-98A7-A5D711F701A5}.Debug|x86.Build.0 = Debug|Win32
		{A15CDBA3-6A37-44E5-98A7-A5D711F701A5}.Release|x64.ActiveCfg = Release|x64
		{A15CDBA3-6A37-44E5-98A7-A5D711F701A5}.Release|x64.Build.0 = Release|x64
		{A15CDBA3-6A37-44E5-98A7-A5D711F701A5}.Release|x86.ActiveCfg = Release|Win32
		{A15CDBA3-6A37-44E5-98A7-A5D711F701A5}.Release|x86.Build.0 = Release|Win32
		{E3D7547B-EC6B-4B96-A8BD-58178166F066}.Debug|x64.ActiveCfg = Debug|x64
		{E3D7547B-EC6B-4B96-A8BD-58178166F066}.Debug|x64.Build.0 = Debug|x64
		{E3D7547B-EC6B-4B96-A8BD-58178166F066}.Debug|x86.ActiveCfg = Debug|Win32
		{E3D7547B-EC6B-4B96-A8BD-58178166F066}.Debug|x86.Build.0 = Debug|Win32
		{E3D7547B-EC6B-4B96-A8BD-58178166F066}.Release|x64.ActiveCfg = Release|x64
		{E3D7547B-EC6B-4B96-A8BD-58178166F066}.Release|x64.Build.0 = Release|x64
		{E3D7547B-EC6B-4B96-A8BD-58178166F066}.Release|x86.ActiveCfg = Release|Win32
		{E3D7547B-EC6B-4B96-A8BD-58178166F066}.Release|x86.Build.0 = Release|Win32
		{149DBEA5-2C17-4AB8-86C6-B8FB1ED37C0D}.Debug|x64.ActiveCfg = Debug|x64
		{149DBEA5-2C17-4AB8-86C6-B8FB1ED37C0D}.Debug|x64.Build.0 = Debug|x64
		{149DBEA5-2C17-4AB8-86C6-B8FB1ED37C0D}.Debug|x86.ActiveCfg = Debug|Win32
		{149DBEA5-2C17-4AB8-86C6-B8FB1ED37C0D}.Debug|x86.Build.0 = Debug|Win32
		{149DBEA5-2C17-4AB8-86C6-B8FB1ED37C0D}.Release|x64.ActiveCfg = Release|x64
		{149DBEA5-2C17-4AB8-86C6-B8FB1ED37C0D}.Release|x64.Build.0 = Release|x64
		{149DBEA5-2C17-4AB8-86C6-B8FB1ED37C0D}.Release|x86.ActiveCfg = Release|Win32
		{149DBEA5-2C17-4AB8-86C6-B8FB1ED37C0D}.Release|x86.Build.0 = Release|Win32
		{E9114EB0-3EF3-46FD-A1C4-EA0FE07835DC}.Debug|x64.ActiveCfg = Debug|x64
		{E9114EB0-3EF3-46FD-A1C4-EA0FE07835DC}.Debug|x64.Build.0 = Debug|x64
		{E9114EB0-3EF3-46FD-A1C4-EA0FE07835DC}.Debug|x86.ActiveCfg = Debug|Win32
		{E9114EB0-3EF3-46FD-A1C4-EA0FE07835DC}.Debug|x86.Build.0 = Debug|Win32
		{E9114EB0-3EF3-46FD-A1C4-EA0FE07835DC}.Release|x64.ActiveCfg = Release|x64
		{E9114EB0-3EF3-46FD-A1C4-EA0FE07835DC}.Release|x64.Build.0 = Release|x64
		{E9114EB0-3EF3-46FD-A1C4-EA0FE07835DC}.Release|x86.ActiveCfg = Release|Win32
		{E9114EB0-3EF3-46FD-A1C4-EA0FE07835DC}.Release|x86.Build.0 = Release|Win32
	EndGlobalSection
	GlobalSection(SolutionProperties) = preSolution
		HideSolutionNode = FALSE
	EndGlobalSection
	GlobalSection(NestedProjects) = preSolution
		{74A42A7C-CAFC-4739-8431-769E13EF1B1F} = {4E154F0D-7515-4B35-950A-B749E68F8440}
		{09A54ECC-2A15-4D53-A67C-4023B53AA395} = {4E154F0D-7515-4B35-950A-B749E68F8440}
		{A2F5B77D-819C-420F-AA9E-778FB757B133} = {4E154F0D-7515-4B35-950A-B749E68F8440}
		{53FAF87E-8D7F-4328-B8F6-BF89BAD380CC} = {4E154F0D-7515-4B35-950A-B749E68F8440}
		{AF1A1693-F633-4A78-A0CC-555D4C78D81E} = {F2F07877-339B-43EB-8939-1D7D4DF5A3A0}
		{A15CDBA3-6A37-44E5-98A7-A5D711F701A5} = {F2F07877-339B-43EB-8939-1D7D4DF5A3A0}
		{E3D7547B-EC6B-4B96-A8BD-58178166F066} = {F2F07877-339B-43EB-8939-1D7D4DF5A3A0}
		{149DBEA5-2C17-4AB8-86C6-B8FB1ED37C0D} = {F2F07877-339B-43EB-8939-1D7D4DF5A3A0}
		{E9114EB0-3EF3-46FD-A1C4-EA0FE07835DC} = {F2F07877-339B-43EB-8939-1D7D4DF5A3A0}
	EndGlobalSection
	GlobalSection(ExtensibilityGlobals) = postSolution
		SolutionGuid = {91B788E1-C0F7-4A9E-840B-E36FFAC765EC}
	EndGlobalSection
EndGlobal
